
Microsoft Visual Studio Solution File, Format Version 12.00
# Visual Studio 15
VisualStudioVersion = 15.0.28010.2036
MinimumVisualStudioVersion = 10.0.40219.1
Project("{FAE04EC0-301F-11D3-BF4B-00C04F79EFBC}") = "MVC_2", "MVc_2\MVC_2.csproj", "{5D2C9D2C-76E8-4AE5-A58B-4979EA6AA258}"
EndProject
Project("{FAE04EC0-301F-11D3-BF4B-00C04F79EFBC}") = "UnityTestOnlineStore", "UnityTestOnlineStore\UnityTestOnlineStore.csproj", "{AC91EF1B-BF19-47C8-9398-16CA10078E1C}"
EndProject
Global
	GlobalSection(SolutionConfigurationPlatforms) = preSolution
		Debug|Any CPU = Debug|Any CPU
		Release|Any CPU = Release|Any CPU
	EndGlobalSection
	GlobalSection(ProjectConfigurationPlatforms) = postSolution
		{5D2C9D2C-76E8-4AE5-A58B-4979EA6AA258}.Debug|Any CPU.ActiveCfg = Debug|Any CPU
		{5D2C9D2C-76E8-4AE5-A58B-4979EA6AA258}.Debug|Any CPU.Build.0 = Debug|Any CPU
		{5D2C9D2C-76E8-4AE5-A58B-4979EA6AA258}.Release|Any CPU.ActiveCfg = Release|Any CPU
		{5D2C9D2C-76E8-4AE5-A58B-4979EA6AA258}.Release|Any CPU.Build.0 = Release|Any CPU
		{AC91EF1B-BF19-47C8-9398-16CA10078E1C}.Debug|Any CPU.ActiveCfg = Debug|Any CPU
		{AC91EF1B-BF19-47C8-9398-16CA10078E1C}.Debug|Any CPU.Build.0 = Debug|Any CPU
		{AC91EF1B-BF19-47C8-9398-16CA10078E1C}.Release|Any CPU.ActiveCfg = Release|Any CPU
		{AC91EF1B-BF19-47C8-9398-16CA10078E1C}.Release|Any CPU.Build.0 = Release|Any CPU
	EndGlobalSection
	GlobalSection(SolutionProperties) = preSolution
		HideSolutionNode = FALSE
	EndGlobalSection
	GlobalSection(ExtensibilityGlobals) = postSolution
		SolutionGuid = {BB32B2D6-1F20-4FC8-8C2B-1074A90CAD3E}
	EndGlobalSection
EndGlobal
